
Microsoft Visual Studio Solution File, Format Version 12.00
# Visual Studio Version 17
VisualStudioVersion = 17.14.36518.9 d17.14
MinimumVisualStudioVersion = 10.0.40219.1
Project("{FAE04EC0-301F-11D3-BF4B-00C04F79EFBC}") = "CNCarpinteria.API", "CNCarpinteria.API\CNCarpinteria.API.csproj", "{D224CAC0-5255-4ED9-AB18-007193D700B2}"
EndProject
Project("{FAE04EC0-301F-11D3-BF4B-00C04F79EFBC}") = "CNCarpinteria.Domain", "CNCarpinteria.Domain\CNCarpinteria.Domain.csproj", "{59A5381D-59BD-4D8F-AB6D-561C25AD9465}"
EndProject
Project("{FAE04EC0-301F-11D3-BF4B-00C04F79EFBC}") = "CNCarpinteria.Application", "CNCarpinteria.Application\CNCarpinteria.Application.csproj", "{32E18E4B-B1CF-4FA4-8DED-73B566DD735D}"
EndProject
Project("{FAE04EC0-301F-11D3-BF4B-00C04F79EFBC}") = "CNCarpinteria.Infrastructure", "CNCarpinteria.Infrastructure\CNCarpinteria.Infrastructure.csproj", "{6304AAAF-651A-42B4-BB9B-436C41C1DFC8}"
EndProject
Global
	GlobalSection(SolutionConfigurationPlatforms) = preSolution
		Debug|Any CPU = Debug|Any CPU
		Release|Any CPU = Release|Any CPU
	EndGlobalSection
	GlobalSection(ProjectConfigurationPlatforms) = postSolution
		{D224CAC0-5255-4ED9-AB18-007193D700B2}.Debug|Any CPU.ActiveCfg = Debug|Any CPU
		{D224CAC0-5255-4ED9-AB18-007193D700B2}.Debug|Any CPU.Build.0 = Debug|Any CPU
		{D224CAC0-5255-4ED9-AB18-007193D700B2}.Release|Any CPU.ActiveCfg = Release|Any CPU
		{D224CAC0-5255-4ED9-AB18-007193D700B2}.Release|Any CPU.Build.0 = Release|Any CPU
		{59A5381D-59BD-4D8F-AB6D-561C25AD9465}.Debug|Any CPU.ActiveCfg = Debug|Any CPU
		{59A5381D-59BD-4D8F-AB6D-561C25AD9465}.Debug|Any CPU.Build.0 = Debug|Any CPU
		{59A5381D-59BD-4D8F-AB6D-561C25AD9465}.Release|Any CPU.ActiveCfg = Release|Any CPU
		{59A5381D-59BD-4D8F-AB6D-561C25AD9465}.Release|Any CPU.Build.0 = Release|Any CPU
		{32E18E4B-B1CF-4FA4-8DED-73B566DD735D}.Debug|Any CPU.ActiveCfg = Debug|Any CPU
		{32E18E4B-B1CF-4FA4-8DED-73B566DD735D}.Debug|Any CPU.Build.0 = Debug|Any CPU
		{32E18E4B-B1CF-4FA4-8DED-73B566DD735D}.Release|Any CPU.ActiveCfg = Release|Any CPU
		{32E18E4B-B1CF-4FA4-8DED-73B566DD735D}.Release|Any CPU.Build.0 = Release|Any CPU
		{6304AAAF-651A-42B4-BB9B-436C41C1DFC8}.Debug|Any CPU.ActiveCfg = Debug|Any CPU
		{6304AAAF-651A-42B4-BB9B-436C41C1DFC8}.Debug|Any CPU.Build.0 = Debug|Any CPU
		{6304AAAF-651A-42B4-BB9B-436C41C1DFC8}.Release|Any CPU.ActiveCfg = Release|Any CPU
		{6304AAAF-651A-42B4-BB9B-436C41C1DFC8}.Release|Any CPU.Build.0 = Release|Any CPU
	EndGlobalSection
	GlobalSection(SolutionProperties) = preSolution
		HideSolutionNode = FALSE
	EndGlobalSection
	GlobalSection(ExtensibilityGlobals) = postSolution
		SolutionGuid = {372A9220-CAC9-4A66-AA83-5947CB0DA99F}
	EndGlobalSection
EndGlobal
